
Microsoft Visual Studio Solution File, Format Version 12.00
# Visual Studio 15
VisualStudioVersion = 15.0.26430.13
MinimumVisualStudioVersion = 10.0.40219.1
Project("{FAE04EC0-301F-11D3-BF4B-00C04F79EFBC}") = "BashSoft", "BashSoft\BashSoft.csproj", "{48D7E356-B48C-4366-87CF-345F0527A28F}"
EndProject
Project("{FAE04EC0-301F-11D3-BF4B-00C04F79EFBC}") = "Project", "Project\Project.csproj", "{9FF9342B-078A-4C72-AB0E-22A68BD4AB65}"
EndProject
Project("{FAE04EC0-301F-11D3-BF4B-00C04F79EFBC}") = "ShootingGame", "ShootingGame\ShootingGame.csproj", "{92B45662-DCEA-4665-9CD8-B00A41BCDD24}"
EndProject
Project("{FAE04EC0-301F-11D3-BF4B-00C04F79EFBC}") = "Shooting", "Shooting\Shooting.csproj", "{9DEE32A6-C4D4-40D5-B255-84AD2EF370F0}"
EndProject
Global
	GlobalSection(SolutionConfigurationPlatforms) = preSolution
		Debug|Any CPU = Debug|Any CPU
		Release|Any CPU = Release|Any CPU
	EndGlobalSection
	GlobalSection(ProjectConfigurationPlatforms) = postSolution
		{48D7E356-B48C-4366-87CF-345F0527A28F}.Debug|Any CPU.ActiveCfg = Debug|Any CPU
		{48D7E356-B48C-4366-87CF-345F0527A28F}.Debug|Any CPU.Build.0 = Debug|Any CPU
		{48D7E356-B48C-4366-87CF-345F0527A28F}.Release|Any CPU.ActiveCfg = Release|Any CPU
		{48D7E356-B48C-4366-87CF-345F0527A28F}.Release|Any CPU.Build.0 = Release|Any CPU
		{9FF9342B-078A-4C72-AB0E-22A68BD4AB65}.Debug|Any CPU.ActiveCfg = Debug|Any CPU
		{9FF9342B-078A-4C72-AB0E-22A68BD4AB65}.Debug|Any CPU.Build.0 = Debug|Any CPU
		{9FF9342B-078A-4C72-AB0E-22A68BD4AB65}.Release|Any CPU.ActiveCfg = Release|Any CPU
		{9FF9342B-078A-4C72-AB0E-22A68BD4AB65}.Release|Any CPU.Build.0 = Release|Any CPU
		{92B45662-DCEA-4665-9CD8-B00A41BCDD24}.Debug|Any CPU.ActiveCfg = Debug|Any CPU
		{92B45662-DCEA-4665-9CD8-B00A41BCDD24}.Debug|Any CPU.Build.0 = Debug|Any CPU
		{92B45662-DCEA-4665-9CD8-B00A41BCDD24}.Release|Any CPU.ActiveCfg = Release|Any CPU
		{92B45662-DCEA-4665-9CD8-B00A41BCDD24}.Release|Any CPU.Build.0 = Release|Any CPU
		{9DEE32A6-C4D4-40D5-B255-84AD2EF370F0}.Debug|Any CPU.ActiveCfg = Debug|Any CPU
		{9DEE32A6-C4D4-40D5-B255-84AD2EF370F0}.Debug|Any CPU.Build.0 = Debug|Any CPU
		{9DEE32A6-C4D4-40D5-B255-84AD2EF370F0}.Release|Any CPU.ActiveCfg = Release|Any CPU
		{9DEE32A6-C4D4-40D5-B255-84AD2EF370F0}.Release|Any CPU.Build.0 = Release|Any CPU
	EndGlobalSection
	GlobalSection(SolutionProperties) = preSolution
		HideSolutionNode = FALSE
	EndGlobalSection
EndGlobal
